# This file is autogenerated, do not edit; changes may be undone by the next 'dep ensure'.


[[projects]]
  digest = "1:b879db183087c4df7bcedea6a0525799ebf9182483b1ba3a00545961fbd6cf8d"
  name = "go.bmvs.io/orderedmap"
  packages = ["."]
  pruneopts = "UT"
  revision = "ef452eb36c2db10faa32bd4b89b746bf1926dd0b"
  version = "v1.0.0"

[solve-meta]
  analyzer-name = "dep"
  analyzer-version = 1
  input-imports = ["go.bmvs.io/orderedmap"]
  solver-name = "gps-cdcl"
  solver-version = 1
